// !$*UTF8*$!
{
	archiveVersion = 1;
	classes = {
	};
	objectVersion = 46;
	objects = {

/* Begin PBXBuildFile section */
		5AE5772F1BD87BAF00E8D4E2 /* main.m in Sources */ = {isa = PBXBuildFile; fileRef = 5AE5772E1BD87BAF00E8D4E2 /* main.m */; };
		5AE577321BD87BAF00E8D4E2 /* AppDelegate.m in Sources */ = {isa = PBXBuildFile; fileRef = 5AE577311BD87BAF00E8D4E2 /* AppDelegate.m */; };
		5AE577351BD87BAF00E8D4E2 /* ViewController.m in Sources */ = {isa = PBXBuildFile; fileRef = 5AE577341BD87BAF00E8D4E2 /* ViewController.m */; };
		5AE577381BD87BAF00E8D4E2 /* Main.storyboard in Resources */ = {isa = PBXBuildFile; fileRef = 5AE577361BD87BAF00E8D4E2 /* Main.storyboard */; };
		5AE5773B1BD87BAF00E8D4E2 /* APPProject.xcdatamodeld in Sources */ = {isa = PBXBuildFile; fileRef = 5AE577391BD87BAF00E8D4E2 /* APPProject.xcdatamodeld */; };
		5AE5773D1BD87BAF00E8D4E2 /* Assets.xcassets in Resources */ = {isa = PBXBuildFile; fileRef = 5AE5773C1BD87BAF00E8D4E2 /* Assets.xcassets */; };
		5AE577401BD87BAF00E8D4E2 /* LaunchScreen.storyboard in Resources */ = {isa = PBXBuildFile; fileRef = 5AE5773E1BD87BAF00E8D4E2 /* LaunchScreen.storyboard */; };
		5AE5774B1BD87BAF00E8D4E2 /* APPProjectTests.m in Sources */ = {isa = PBXBuildFile; fileRef = 5AE5774A1BD87BAF00E8D4E2 /* APPProjectTests.m */; };
		5AE577561BD87BAF00E8D4E2 /* APPProjectUITests.m in Sources */ = {isa = PBXBuildFile; fileRef = 5AE577551BD87BAF00E8D4E2 /* APPProjectUITests.m */; };
/* End PBXBuildFile section */

/* Begin PBXContainerItemProxy section */
		5AE577471BD87BAF00E8D4E2 /* PBXContainerItemProxy */ = {
			isa = PBXContainerItemProxy;
			containerPortal = 5AE577221BD87BAF00E8D4E2 /* Project object */;
			proxyType = 1;
			remoteGlobalIDString = 5AE577291BD87BAF00E8D4E2;
			remoteInfo = APPProject;
		};
		5AE577521BD87BAF00E8D4E2 /* PBXContainerItemProxy */ = {
			isa = PBXContainerItemProxy;
			containerPortal = 5AE577221BD87BAF00E8D4E2 /* Project object */;
			proxyType = 1;
			remoteGlobalIDString = 5AE577291BD87BAF00E8D4E2;
			remoteInfo = APPProject;
		};
/* End PBXContainerItemProxy section */

/* Begin PBXFileReference section */
		5AE5772A1BD87BAF00E8D4E2 /* APPProject.app */ = {isa = PBXFileReference; explicitFileType = wrapper.application; includeInIndex = 0; path = APPProject.app; sourceTree = BUILT_PRODUCTS_DIR; };
		5AE5772E1BD87BAF00E8D4E2 /* main.m */ = {isa = PBXFileReference; lastKnownFileType = sourcecode.c.objc; path = main.m; sourceTree = "<group>"; };
		5AE577301BD87BAF00E8D4E2 /* AppDelegate.h */ = {isa = PBXFileReference; lastKnownFileType = sourcecode.c.h; path = AppDelegate.h; sourceTree = "<group>"; };
		5AE577311BD87BAF00E8D4E2 /* AppDelegate.m */ = {isa = PBXFileReference; lastKnownFileType = sourcecode.c.objc; path = AppDelegate.m; sourceTree = "<group>"; };
		5AE577331BD87BAF00E8D4E2 /* ViewController.h */ = {isa = PBXFileReference; lastKnownFileType = sourcecode.c.h; path = ViewController.h; sourceTree = "<group>"; };
		5AE577341BD87BAF00E8D4E2 /* ViewController.m */ = {isa = PBXFileReference; lastKnownFileType = sourcecode.c.objc; path = ViewController.m; sourceTree = "<group>"; };
		5AE577371BD87BAF00E8D4E2 /* Base */ = {isa = PBXFileReference; lastKnownFileType = file.storyboard; name = Base; path = Base.lproj/Main.storyboard; sourceTree = "<group>"; };
		5AE5773A1BD87BAF00E8D4E2 /* APPProject.xcdatamodel */ = {isa = PBXFileReference; lastKnownFileType = wrapper.xcdatamodel; path = APPProject.xcdatamodel; sourceTree = "<group>"; };
		5AE5773C1BD87BAF00E8D4E2 /* Assets.xcassets */ = {isa = PBXFileReference; lastKnownFileType = folder.assetcatalog; path = Assets.xcassets; sourceTree = "<group>"; };
		5AE5773F1BD87BAF00E8D4E2 /* Base */ = {isa = PBXFileReference; lastKnownFileType = file.storyboard; name = Base; path = Base.lproj/LaunchScreen.storyboard; sourceTree = "<group>"; };
		5AE577411BD87BAF00E8D4E2 /* Info.plist */ = {isa = PBXFileReference; lastKnownFileType = text.plist.xml; path = Info.plist; sourceTree = "<group>"; };
		5AE577461BD87BAF00E8D4E2 /* APPProjectTests.xctest */ = {isa = PBXFileReference; explicitFileType = wrapper.cfbundle; includeInIndex = 0; path = APPProjectTests.xctest; sourceTree = BUILT_PRODUCTS_DIR; };
		5AE5774A1BD87BAF00E8D4E2 /* APPProjectTests.m */ = {isa = PBXFileReference; lastKnownFileType = sourcecode.c.objc; path = APPProjectTests.m; sourceTree = "<group>"; };
		5AE5774C1BD87BAF00E8D4E2 /* Info.plist */ = {isa = PBXFileReference; lastKnownFileType = text.plist.xml; path = Info.plist; sourceTree = "<group>"; };
		5AE577511BD87BAF00E8D4E2 /* APPProjectUITests.xctest */ = {isa = PBXFileReference; explicitFileType = wrapper.cfbundle; includeInIndex = 0; path = APPProjectUITests.xctest; sourceTree = BUILT_PRODUCTS_DIR; };
		5AE577551BD87BAF00E8D4E2 /* APPProjectUITests.m */ = {isa = PBXFileReference; lastKnownFileType = sourcecode.c.objc; path = APPProjectUITests.m; sourceTree = "<group>"; };
		5AE577571BD87BAF00E8D4E2 /* Info.plist */ = {isa = PBXFileReference; lastKnownFileType = text.plist.xml; path = Info.plist; sourceTree = "<group>"; };
/* End PBXFileReference section */

/* Begin PBXFrameworksBuildPhase section */
		5AE577271BD87BAF00E8D4E2 /* Frameworks */ = {
			isa = PBXFrameworksBuildPhase;
			buildActionMask = 2147483647;
			files = (
			);
			runOnlyForDeploymentPostprocessing = 0;
		};
		5AE577431BD87BAF00E8D4E2 /* Frameworks */ = {
			isa = PBXFrameworksBuildPhase;
			buildActionMask = 2147483647;
			files = (
			);
			runOnlyForDeploymentPostprocessing = 0;
		};
		5AE5774E1BD87BAF00E8D4E2 /* Frameworks */ = {
			isa = PBXFrameworksBuildPhase;
			buildActionMask = 2147483647;
			files = (
			);
			runOnlyForDeploymentPostprocessing = 0;
		};
/* End PBXFrameworksBuildPhase section */

/* Begin PBXGroup section */
		5AE577211BD87BAF00E8D4E2 = {
			isa = PBXGroup;
			children = (
				5AE5772C1BD87BAF00E8D4E2 /* APPProject */,
				5AE577491BD87BAF00E8D4E2 /* APPProjectTests */,
				5AE577541BD87BAF00E8D4E2 /* APPProjectUITests */,
				5AE5772B1BD87BAF00E8D4E2 /* Products */,
			);
			sourceTree = "<group>";
		};
		5AE5772B1BD87BAF00E8D4E2 /* Products */ = {
			isa = PBXGroup;
			children = (
				5AE5772A1BD87BAF00E8D4E2 /* APPProject.app */,
				5AE577461BD87BAF00E8D4E2 /* APPProjectTests.xctest */,
				5AE577511BD87BAF00E8D4E2 /* APPProjectUITests.xctest */,
			);
			name = Products;
			sourceTree = "<group>";
		};
		5AE5772C1BD87BAF00E8D4E2 /* APPProject */ = {
			isa = PBXGroup;
			children = (
				5AE577301BD87BAF00E8D4E2 /* AppDelegate.h */,
				5AE577311BD87BAF00E8D4E2 /* AppDelegate.m */,
				5AE577331BD87BAF00E8D4E2 /* ViewController.h */,
				5AE577341BD87BAF00E8D4E2 /* ViewController.m */,
				5AE577361BD87BAF00E8D4E2 /* Main.storyboard */,
				5AE5773C1BD87BAF00E8D4E2 /* Assets.xcassets */,
				5AE5773E1BD87BAF00E8D4E2 /* LaunchScreen.storyboard */,
				5AE577411BD87BAF00E8D4E2 /* Info.plist */,
				5AE577391BD87BAF00E8D4E2 /* APPProject.xcdatamodeld */,
				5AE5772D1BD87BAF00E8D4E2 /* Supporting Files */,
			);
			path = APPProject;
			sourceTree = "<group>";
		};
		5AE5772D1BD87BAF00E8D4E2 /* Supporting Files */ = {
			isa = PBXGroup;
			children = (
				5AE5772E1BD87BAF00E8D4E2 /* main.m */,
			);
			name = "Supporting Files";
			sourceTree = "<group>";
		};
		5AE577491BD87BAF00E8D4E2 /* APPProjectTests */ = {
			isa = PBXGroup;
			children = (
				5AE5774A1BD87BAF00E8D4E2 /* APPProjectTests.m */,
				5AE5774C1BD87BAF00E8D4E2 /* Info.plist */,
			);
			path = APPProjectTests;
			sourceTree = "<group>";
		};
		5AE577541BD87BAF00E8D4E2 /* APPProjectUITests */ = {
			isa = PBXGroup;
			children = (
				5AE577551BD87BAF00E8D4E2 /* APPProjectUITests.m */,
				5AE577571BD87BAF00E8D4E2 /* Info.plist */,
			);
			path = APPProjectUITests;
			sourceTree = "<group>";
		};
/* End PBXGroup section */

/* Begin PBXNativeTarget section */
		5AE577291BD87BAF00E8D4E2 /* APPProject */ = {
			isa = PBXNativeTarget;
			buildConfigurationList = 5AE5775A1BD87BAF00E8D4E2 /* Build configuration list for PBXNativeTarget "APPProject" */;
			buildPhases = (
				5AE577261BD87BAF00E8D4E2 /* Sources */,
				5AE577271BD87BAF00E8D4E2 /* Frameworks */,
				5AE577281BD87BAF00E8D4E2 /* Resources */,
			);
			buildRules = (
			);
			dependencies = (
			);
			name = APPProject;
			productName = APPProject;
			productReference = 5AE5772A1BD87BAF00E8D4E2 /* APPProject.app */;
			productType = "com.apple.product-type.application";
		};
		5AE577451BD87BAF00E8D4E2 /* APPProjectTests */ = {
			isa = PBXNativeTarget;
			buildConfigurationList = 5AE5775D1BD87BAF00E8D4E2 /* Build configuration list for PBXNativeTarget "APPProjectTests" */;
			buildPhases = (
				5AE577421BD87BAF00E8D4E2 /* Sources */,
				5AE577431BD87BAF00E8D4E2 /* Frameworks */,
				5AE577441BD87BAF00E8D4E2 /* Resources */,
			);
			buildRules = (
			);
			dependencies = (
				5AE577481BD87BAF00E8D4E2 /* PBXTargetDependency */,
			);
			name = APPProjectTests;
			productName = APPProjectTests;
			productReference = 5AE577461BD87BAF00E8D4E2 /* APPProjectTests.xctest */;
			productType = "com.apple.product-type.bundle.unit-test";
		};
		5AE577501BD87BAF00E8D4E2 /* APPProjectUITests */ = {
			isa = PBXNativeTarget;
			buildConfigurationList = 5AE577601BD87BAF00E8D4E2 /* Build configuration list for PBXNativeTarget "APPProjectUITests" */;
			buildPhases = (
				5AE5774D1BD87BAF00E8D4E2 /* Sources */,
				5AE5774E1BD87BAF00E8D4E2 /* Frameworks */,
				5AE5774F1BD87BAF00E8D4E2 /* Resources */,
			);
			buildRules = (
			);
			dependencies = (
				5AE577531BD87BAF00E8D4E2 /* PBXTargetDependency */,
			);
			name = APPProjectUITests;
			productName = APPProjectUITests;
			productReference = 5AE577511BD87BAF00E8D4E2 /* APPProjectUITests.xctest */;
			productType = "com.apple.product-type.bundle.ui-testing";
		};
/* End PBXNativeTarget section */

/* Begin PBXProject section */
		5AE577221BD87BAF00E8D4E2 /* Project object */ = {
			isa = PBXProject;
			attributes = {
				LastUpgradeCheck = 0700;
				ORGANIZATIONNAME = MacKun;
				TargetAttributes = {
					5AE577291BD87BAF00E8D4E2 = {
						CreatedOnToolsVersion = 7.0;
					};
					5AE577451BD87BAF00E8D4E2 = {
						CreatedOnToolsVersion = 7.0;
						TestTargetID = 5AE577291BD87BAF00E8D4E2;
					};
					5AE577501BD87BAF00E8D4E2 = {
						CreatedOnToolsVersion = 7.0;
						TestTargetID = 5AE577291BD87BAF00E8D4E2;
					};
				};
			};
			buildConfigurationList = 5AE577251BD87BAF00E8D4E2 /* Build configuration list for PBXProject "APPProject" */;
			compatibilityVersion = "Xcode 3.2";
			developmentRegion = English;
			hasScannedForEncodings = 0;
			knownRegions = (
				en,
				Base,
			);
			mainGroup = 5AE577211BD87BAF00E8D4E2;
			productRefGroup = 5AE5772B1BD87BAF00E8D4E2 /* Products */;
			projectDirPath = "";
			projectRoot = "";
			targets = (
				5AE577291BD87BAF00E8D4E2 /* APPProject */,
				5AE577451BD87BAF00E8D4E2 /* APPProjectTests */,
				5AE577501BD87BAF00E8D4E2 /* APPProjectUITests */,
			);
		};
/* End PBXProject section */

/* Begin PBXResourcesBuildPhase section */
		5AE577281BD87BAF00E8D4E2 /* Resources */ = {
			isa = PBXResourcesBuildPhase;
			buildActionMask = 2147483647;
			files = (
				5AE577401BD87BAF00E8D4E2 /* LaunchScreen.storyboard in Resources */,
				5AE5773D1BD87BAF00E8D4E2 /* Assets.xcassets in Resources */,
				5AE577381BD87BAF00E8D4E2 /* Main.storyboard in Resources */,
			);
			runOnlyForDeploymentPostprocessing = 0;
		};
		5AE577441BD87BAF00E8D4E2 /* Resources */ = {
			isa = PBXResourcesBuildPhase;
			buildActionMask = 2147483647;
			files = (
			);
			runOnlyForDeploymentPostprocessing = 0;
		};
		5AE5774F1BD87BAF00E8D4E2 /* Resources */ = {
			isa = PBXResourcesBuildPhase;
			buildActionMask = 2147483647;
			files = (
			);
			runOnlyForDeploymentPostprocessing = 0;
		};
/* End PBXResourcesBuildPhase section */

/* Begin PBXSourcesBuildPhase section */
		5AE577261BD87BAF00E8D4E2 /* Sources */ = {
			isa = PBXSourcesBuildPhase;
			buildActionMask = 2147483647;
			files = (
				5AE577351BD87BAF00E8D4E2 /* ViewController.m in Sources */,
				5AE577321BD87BAF00E8D4E2 /* AppDelegate.m in Sources */,
				5AE5772F1BD87BAF00E8D4E2 /* main.m in Sources */,
				5AE5773B1BD87BAF00E8D4E2 /* APPProject.xcdatamodeld in Sources */,
			);
			runOnlyForDeploymentPostprocessing = 0;
		};
		5AE577421BD87BAF00E8D4E2 /* Sources */ = {
			isa = PBXSourcesBuildPhase;
			buildActionMask = 2147483647;
			files = (
				5AE5774B1BD87BAF00E8D4E2 /* APPProjectTests.m in Sources */,
			);
			runOnlyForDeploymentPostprocessing = 0;
		};
		5AE5774D1BD87BAF00E8D4E2 /* Sources */ = {
			isa = PBXSourcesBuildPhase;
			buildActionMask = 2147483647;
			files = (
				5AE577561BD87BAF00E8D4E2 /* APPProjectUITests.m in Sources */,
			);
			runOnlyForDeploymentPostprocessing = 0;
		};
/* End PBXSourcesBuildPhase section */

/* Begin PBXTargetDependency section */
		5AE577481BD87BAF00E8D4E2 /* PBXTargetDependency */ = {
			isa = PBXTargetDependency;
			target = 5AE577291BD87BAF00E8D4E2 /* APPProject */;
			targetProxy = 5AE577471BD87BAF00E8D4E2 /* PBXContainerItemProxy */;
		};
		5AE577531BD87BAF00E8D4E2 /* PBXTargetDependency */ = {
			isa = PBXTargetDependency;
			target = 5AE577291BD87BAF00E8D4E2 /* APPProject */;
			targetProxy = 5AE577521BD87BAF00E8D4E2 /* PBXContainerItemProxy */;
		};
/* End PBXTargetDependency section */

/* Begin PBXVariantGroup section */
		5AE577361BD87BAF00E8D4E2 /* Main.storyboard */ = {
			isa = PBXVariantGroup;
			children = (
				5AE577371BD87BAF00E8D4E2 /* Base */,
			);
			name = Main.storyboard;
			sourceTree = "<group>";
		};
		5AE5773E1BD87BAF00E8D4E2 /* LaunchScreen.storyboard */ = {
			isa = PBXVariantGroup;
			children = (
				5AE5773F1BD87BAF00E8D4E2 /* Base */,
			);
			name = LaunchScreen.storyboard;
			sourceTree = "<group>";
		};
/* End PBXVariantGroup section */

/* Begin XCBuildConfiguration section */
		5AE577581BD87BAF00E8D4E2 /* Debug */ = {
			isa = XCBuildConfiguration;
			buildSettings = {
				ALWAYS_SEARCH_USER_PATHS = NO;
				CLANG_CXX_LANGUAGE_STANDARD = "gnu++0x";
				CLANG_CXX_LIBRARY = "libc++";
				CLANG_ENABLE_MODULES = YES;
				CLANG_ENABLE_OBJC_ARC = YES;
				CLANG_WARN_BOOL_CONVERSION = YES;
				CLANG_WARN_CONSTANT_CONVERSION = YES;
				CLANG_WARN_DIRECT_OBJC_ISA_USAGE = YES_ERROR;
				CLANG_WARN_EMPTY_BODY = YES;
				CLANG_WARN_ENUM_CONVERSION = YES;
				CLANG_WARN_INT_CONVERSION = YES;
				CLANG_WARN_OBJC_ROOT_CLASS = YES_ERROR;
				CLANG_WARN_UNREACHABLE_CODE = YES;
				CLANG_WARN__DUPLICATE_METHOD_MATCH = YES;
				"CODE_SIGN_IDENTITY[sdk=iphoneos*]" = "iPhone Developer";
				COPY_PHASE_STRIP = NO;
				DEBUG_INFORMATION_FORMAT = dwarf;
				ENABLE_STRICT_OBJC_MSGSEND = YES;
				ENABLE_TESTABILITY = YES;
				GCC_C_LANGUAGE_STANDARD = gnu99;
				GCC_DYNAMIC_NO_PIC = NO;
				GCC_NO_COMMON_BLOCKS = YES;
				GCC_OPTIMIZATION_LEVEL = 0;
				GCC_PREPROCESSOR_DEFINITIONS = (
					"DEBUG=1",
					"$(inherited)",
				);
				GCC_WARN_64_TO_32_BIT_CONVERSION = YES;
				GCC_WARN_ABOUT_RETURN_TYPE = YES_ERROR;
				GCC_WARN_UNDECLARED_SELECTOR = YES;
				GCC_WARN_UNINITIALIZED_AUTOS = YES_AGGRESSIVE;
				GCC_WARN_UNUSED_FUNCTION = YES;
				GCC_WARN_UNUSED_VARIABLE = YES;
				IPHONEOS_DEPLOYMENT_TARGET = 9.0;
				MTL_ENABLE_DEBUG_INFO = YES;
				ONLY_ACTIVE_ARCH = YES;
				SDKROOT = iphoneos;
				TARGETED_DEVICE_FAMILY = "1,2";
			};
			name = Debug;
		};
		5AE577591BD87BAF00E8D4E2 /* Release */ = {
			isa = XCBuildConfiguration;
			buildSettings = {
				ALWAYS_SEARCH_USER_PATHS = NO;
				CLANG_CXX_LANGUAGE_STANDARD = "gnu++0x";
				CLANG_CXX_LIBRARY = "libc++";
				CLANG_ENABLE_MODULES = YES;
				CLANG_ENABLE_OBJC_ARC = YES;
				CLANG_WARN_BOOL_CONVERSION = YES;
				CLANG_WARN_CONSTANT_CONVERSION = YES;
				CLANG_WARN_DIRECT_OBJC_ISA_USAGE = YES_ERROR;
				CLANG_WARN_EMPTY_BODY = YES;
				CLANG_WARN_ENUM_CONVERSION = YES;
				CLANG_WARN_INT_CONVERSION = YES;
				CLANG_WARN_OBJC_ROOT_CLASS = YES_ERROR;
				CLANG_WARN_UNREACHABLE_CODE = YES;
				CLANG_WARN__DUPLICATE_METHOD_MATCH = YES;
				"CODE_SIGN_IDENTITY[sdk=iphoneos*]" = "iPhone Developer";
				COPY_PHASE_STRIP = NO;
				DEBUG_INFORMATION_FORMAT = "dwarf-with-dsym";
				ENABLE_NS_ASSERTIONS = NO;
				ENABLE_STRICT_OBJC_MSGSEND = YES;
				GCC_C_LANGUAGE_STANDARD = gnu99;
				GCC_NO_COMMON_BLOCKS = YES;
				GCC_WARN_64_TO_32_BIT_CONVERSION = YES;
				GCC_WARN_ABOUT_RETURN_TYPE = YES_ERROR;
				GCC_WARN_UNDECLARED_SELECTOR = YES;
				GCC_WARN_UNINITIALIZED_AUTOS = YES_AGGRESSIVE;
				GCC_WARN_UNUSED_FUNCTION = YES;
				GCC_WARN_UNUSED_VARIABLE = YES;
				IPHONEOS_DEPLOYMENT_TARGET = 9.0;
				MTL_ENABLE_DEBUG_INFO = NO;
				SDKROOT = iphoneos;
				TARGETED_DEVICE_FAMILY = "1,2";
				VALIDATE_PRODUCT = YES;
			};
			name = Release;
		};
		5AE5775B1BD87BAF00E8D4E2 /* Debug */ = {
			isa = XCBuildConfiguration;
			buildSettings = {
				ASSETCATALOG_COMPILER_APPICON_NAME = AppIcon;
				INFOPLIST_FILE = APPProject/Info.plist;
				LD_RUNPATH_SEARCH_PATHS = "$(inherited) @executable_path/Frameworks";
				PRODUCT_BUNDLE_IDENTIFIER = az.com.cn.APPProject;
				PRODUCT_NAME = "$(TARGET_NAME)";
			};
			name = Debug;
		};
		5AE5775C1BD87BAF00E8D4E2 /* Release */ = {
			isa = XCBuildConfiguration;
			buildSettings = {
				ASSETCATALOG_COMPILER_APPICON_NAME = AppIcon;
				INFOPLIST_FILE = APPProject/Info.plist;
				LD_RUNPATH_SEARCH_PATHS = "$(inherited) @executable_path/Frameworks";
				PRODUCT_BUNDLE_IDENTIFIER = az.com.cn.APPProject;
				PRODUCT_NAME = "$(TARGET_NAME)";
			};
			name = Release;
		};
		5AE5775E1BD87BAF00E8D4E2 /* Debug */ = {
			isa = XCBuildConfiguration;
			buildSettings = {
				BUNDLE_LOADER = "$(TEST_HOST)";
				INFOPLIST_FILE = APPProjectTests/Info.plist;
				LD_RUNPATH_SEARCH_PATHS = "$(inherited) @executable_path/Frameworks @loader_path/Frameworks";
				PRODUCT_BUNDLE_IDENTIFIER = az.com.cn.APPProjectTests;
				PRODUCT_NAME = "$(TARGET_NAME)";
				TEST_HOST = "$(BUILT_PRODUCTS_DIR)/APPProject.app/APPProject";
			};
			name = Debug;
		};
		5AE5775F1BD87BAF00E8D4E2 /* Release */ = {
			isa = XCBuildConfiguration;
			buildSettings = {
				BUNDLE_LOADER = "$(TEST_HOST)";
				INFOPLIST_FILE = APPProjectTests/Info.plist;
				LD_RUNPATH_SEARCH_PATHS = "$(inherited) @executable_path/Frameworks @loader_path/Frameworks";
				PRODUCT_BUNDLE_IDENTIFIER = az.com.cn.APPProjectTests;
				PRODUCT_NAME = "$(TARGET_NAME)";
				TEST_HOST = "$(BUILT_PRODUCTS_DIR)/APPProject.app/APPProject";
			};
			name = Release;
		};
		5AE577611BD87BAF00E8D4E2 /* Debug */ = {
			isa = XCBuildConfiguration;
			buildSettings = {
				INFOPLIST_FILE = APPProjectUITests/Info.plist;
				LD_RUNPATH_SEARCH_PATHS = "$(inherited) @executable_path/Frameworks @loader_path/Frameworks";
				PRODUCT_BUNDLE_IDENTIFIER = az.com.cn.APPProjectUITests;
				PRODUCT_NAME = "$(TARGET_NAME)";
				TEST_TARGET_NAME = APPProject;
				USES_XCTRUNNER = YES;
			};
			name = Debug;
		};
		5AE577621BD87BAF00E8D4E2 /* Release */ = {
			isa = XCBuildConfiguration;
			buildSettings = {
				INFOPLIST_FILE = APPProjectUITests/Info.plist;
				LD_RUNPATH_SEARCH_PATHS = "$(inherited) @executable_path/Frameworks @loader_path/Frameworks";
				PRODUCT_BUNDLE_IDENTIFIER = az.com.cn.APPProjectUITests;
				PRODUCT_NAME = "$(TARGET_NAME)";
				TEST_TARGET_NAME = APPProject;
				USES_XCTRUNNER = YES;
			};
			name = Release;
		};
/* End XCBuildConfiguration section */

/* Begin XCConfigurationList section */
		5AE577251BD87BAF00E8D4E2 /* Build configuration list for PBXProject "APPProject" */ = {
			isa = XCConfigurationList;
			buildConfigurations = (
				5AE577581BD87BAF00E8D4E2 /* Debug */,
				5AE577591BD87BAF00E8D4E2 /* Release */,
			);
			defaultConfigurationIsVisible = 0;
			defaultConfigurationName = Release;
		};
		5AE5775A1BD87BAF00E8D4E2 /* Build configuration list for PBXNativeTarget "APPProject" */ = {
			isa = XCConfigurationList;
			buildConfigurations = (
				5AE5775B1BD87BAF00E8D4E2 /* Debug */,
				5AE5775C1BD87BAF00E8D4E2 /* Release */,
			);
			defaultConfigurationIsVisible = 0;
		};
		5AE5775D1BD87BAF00E8D4E2 /* Build configuration list for PBXNativeTarget "APPProjectTests" */ = {
			isa = XCConfigurationList;
			buildConfigurations = (
				5AE5775E1BD87BAF00E8D4E2 /* Debug */,
				5AE5775F1BD87BAF00E8D4E2 /* Release */,
			);
			defaultConfigurationIsVisible = 0;
		};
		5AE577601BD87BAF00E8D4E2 /* Build configuration list for PBXNativeTarget "APPProjectUITests" */ = {
			isa = XCConfigurationList;
			buildConfigurations = (
				5AE577611BD87BAF00E8D4E2 /* Debug */,
				5AE577621BD87BAF00E8D4E2 /* Release */,
			);
			defaultConfigurationIsVisible = 0;
		};
/* End XCConfigurationList section */

/* Begin XCVersionGroup section */
		5AE577391BD87BAF00E8D4E2 /* APPProject.xcdatamodeld */ = {
			isa = XCVersionGroup;
			children = (
				5AE5773A1BD87BAF00E8D4E2 /* APPProject.xcdatamodel */,
			);
			currentVersion = 5AE5773A1BD87BAF00E8D4E2 /* APPProject.xcdatamodel */;
			path = APPProject.xcdatamodeld;
			sourceTree = "<group>";
			versionGroupType = wrapper.xcdatamodel;
		};
/* End XCVersionGroup section */
	};
	rootObject = 5AE577221BD87BAF00E8D4E2 /* Project object */;
}
